
Microsoft Visual Studio Solution File, Format Version 12.00
# Visual Studio Version 16
VisualStudioVersion = 16.0.31005.135
MinimumVisualStudioVersion = 10.0.40219.1
Project("{FAE04EC0-301F-11D3-BF4B-00C04F79EFBC}") = "AppLanternaFatecNovo.Android", "AppLanternaFatecNovo\AppLanternaFatecNovo.Android\AppLanternaFatecNovo.Android.csproj", "{62E1D3B0-C9CA-4661-B8D9-7D645A5AAE36}"
EndProject
Project("{FAE04EC0-301F-11D3-BF4B-00C04F79EFBC}") = "AppLanternaFatecNovo", "AppLanternaFatecNovo\AppLanternaFatecNovo\AppLanternaFatecNovo.csproj", "{1AB25D5E-ED04-465B-961C-ABA9DEB873A6}"
EndProject
Global
	GlobalSection(SolutionConfigurationPlatforms) = preSolution
		Debug|Any CPU = Debug|Any CPU
		Release|Any CPU = Release|Any CPU
	EndGlobalSection
	GlobalSection(ProjectConfigurationPlatforms) = postSolution
		{62E1D3B0-C9CA-4661-B8D9-7D645A5AAE36}.Debug|Any CPU.ActiveCfg = Debug|Any CPU
		{62E1D3B0-C9CA-4661-B8D9-7D645A5AAE36}.Debug|Any CPU.Build.0 = Debug|Any CPU
		{62E1D3B0-C9CA-4661-B8D9-7D645A5AAE36}.Debug|Any CPU.Deploy.0 = Debug|Any CPU
		{62E1D3B0-C9CA-4661-B8D9-7D645A5AAE36}.Release|Any CPU.ActiveCfg = Release|Any CPU
		{62E1D3B0-C9CA-4661-B8D9-7D645A5AAE36}.Release|Any CPU.Build.0 = Release|Any CPU
		{62E1D3B0-C9CA-4661-B8D9-7D645A5AAE36}.Release|Any CPU.Deploy.0 = Release|Any CPU
		{1AB25D5E-ED04-465B-961C-ABA9DEB873A6}.Debug|Any CPU.ActiveCfg = Debug|Any CPU
		{1AB25D5E-ED04-465B-961C-ABA9DEB873A6}.Debug|Any CPU.Build.0 = Debug|Any CPU
		{1AB25D5E-ED04-465B-961C-ABA9DEB873A6}.Debug|Any CPU.Deploy.0 = Debug|Any CPU
		{1AB25D5E-ED04-465B-961C-ABA9DEB873A6}.Release|Any CPU.ActiveCfg = Release|Any CPU
		{1AB25D5E-ED04-465B-961C-ABA9DEB873A6}.Release|Any CPU.Build.0 = Release|Any CPU
		{1AB25D5E-ED04-465B-961C-ABA9DEB873A6}.Release|Any CPU.Deploy.0 = Release|Any CPU
	EndGlobalSection
	GlobalSection(SolutionProperties) = preSolution
		HideSolutionNode = FALSE
	EndGlobalSection
	GlobalSection(ExtensibilityGlobals) = postSolution
		SolutionGuid = {2ABCE4AE-7334-4B61-ACF9-B0AD98E64F30}
	EndGlobalSection
EndGlobal
